github.com/soypat/fat v0.2.0 h1:6p2SqUnc9YDzWrtMkfIZ+8+7olhUso3ageMRQ/1G6+Y=
github.com/soypat/fat v0.2.0/go.mod h1:6cCZCfoOpl4IbaA4ohTrTYp1ejoUGEoiToDXpXDfAk0=
github.com/soypat/lfs v0.2.0 h1:tOQG14A9jHSRLeXrXKJ67bHDvna0TkB7anJOir58o4Y=
github.com/soypat/lfs v0.2.0/go.mod h1:CZ4ZCLXOApQR+Ga3xpgaSmGHZWGIpeUaBGwFzaySfrA=
