github.com/soypat/fat v0.1.1 h1:LKuYe5a5uIVzPDPuMeImJ5AHzA4G9X+DiLYea6yaDTA=
github.com/soypat/fat v0.1.1/go.mod h1:6cCZCfoOpl4IbaA4ohTrTYp1ejoUGEoiToDXpXDfAk0=
github.com/soypat/lfs v0.1.0 h1:e4OrtEghVz2fR6DGXgLVQLokrGRNfA1wLc+oZmyf4qU=
github.com/soypat/lfs v0.1.0/go.mod h1:CZ4ZCLXOApQR+Ga3xpgaSmGHZWGIpeUaBGwFzaySfrA=
